uuid: 9ff46054-1f6e-49fc-85a8-375bab1b7b04
langcode: en
status: true
dependencies:
  config:
    - views.view.liberal_markets_region_4
  module:
    - system
    - views
  theme:
    - liberal_theme
id: views_block__liberal_markets_region_4_block
theme: liberal_theme
region: liberal_markets_4
weight: 0
provider: null
plugin: 'views_block:liberal_markets_region_4-block'
settings:
  id: 'views_block:liberal_markets_region_4-block'
  label: ''
  label_display: '0'
  provider: views
  views_label: ''
  items_per_page: none
visibility:
  request_path:
    id: request_path
    negate: false
    pages: '<front>'
