uuid: 96bc5007-09cd-4e8b-a782-20c559c40a2f
langcode: en
status: true
dependencies:
  config:
    - views.view.oblation_region_1
  module:
    - system
    - views
  theme:
    - liberal_theme
id: views_block__oblation_region_1_block
theme: liberal_theme
region: oblation_1
weight: 0
provider: null
plugin: 'views_block:oblation_region_1-block'
settings:
  id: 'views_block:oblation_region_1-block'
  label: ''
  label_display: '0'
  provider: views
  views_label: ''
  items_per_page: none
visibility:
  request_path:
    id: request_path
    negate: false
    pages: '<front>'
