uuid: b3e10a87-878a-4eb0-9a21-4ec0da469832
langcode: en
status: true
dependencies:
  config:
    - views.view.economy_region_3
  module:
    - system
    - views
  theme:
    - liberal_theme
id: views_block__economy_region_3_block
theme: liberal_theme
region: economy_3
weight: 0
provider: null
plugin: 'views_block:economy_region_3-block'
settings:
  id: 'views_block:economy_region_3-block'
  label: ''
  label_display: '0'
  provider: views
  views_label: ''
  items_per_page: none
visibility:
  request_path:
    id: request_path
    negate: false
    pages: '<front>'
