uuid: 4567368b-1a0e-4e45-8cd2-bf61fc0e459c
langcode: en
status: true
dependencies:
  config:
    - views.view.economy_region_5
  module:
    - system
    - views
  theme:
    - liberal_theme
id: views_block__economy_region_5_block
theme: liberal_theme
region: economy_5
weight: 0
provider: null
plugin: 'views_block:economy_region_5-block'
settings:
  id: 'views_block:economy_region_5-block'
  label: ''
  label_display: '0'
  provider: views
  views_label: ''
  items_per_page: none
visibility:
  request_path:
    id: request_path
    negate: false
    pages: '<front>'
