uuid: f682cd7f-fa3d-4a96-89c7-90cf447dc301
langcode: en
status: true
dependencies:
  config:
    - views.view.node_top_stories_region_c
  module:
    - views
  theme:
    - liberal_theme
id: views_block__node_top_stories_region_c_block
theme: liberal_theme
region: top_stories_node_3
weight: 0
provider: null
plugin: 'views_block:node_top_stories_region_c-block'
settings:
  id: 'views_block:node_top_stories_region_c-block'
  label: ''
  label_display: '0'
  provider: views
  views_label: ''
  items_per_page: none
visibility: {  }
