uuid: 4f155b7d-a96b-471d-a04c-f4ca3a7e5b11
langcode: en
status: true
dependencies:
  config:
    - views.view.business_home_region_c
  module:
    - views
  theme:
    - liberal_theme
id: views_block__business_home_region_c_block
theme: liberal_theme
region: business_home_3
weight: 0
provider: null
plugin: 'views_block:business_home_region_c-block'
settings:
  id: 'views_block:business_home_region_c-block'
  label: ''
  label_display: '0'
  provider: views
  views_label: ''
  items_per_page: none
visibility: {  }
