uuid: 838c4fa1-4b53-4a48-b41b-d850441c1e89
langcode: en
status: true
dependencies:
  config:
    - views.view.politic_region_repeated_6
  module:
    - views
  theme:
    - liberal_theme
id: views_block__politic_region_repeated_6_block
theme: liberal_theme
region: politic_repeated_6
weight: 0
provider: null
plugin: 'views_block:politic_region_repeated_6-block'
settings:
  id: 'views_block:politic_region_repeated_6-block'
  label: ''
  label_display: '0'
  provider: views
  views_label: ''
  items_per_page: none
visibility: {  }
