uuid: cd69eed6-585c-4f31-826f-c5d7f5e4f5e4
langcode: en
status: true
dependencies:
  config:
    - views.view.international_region_repeated_1
  module:
    - system
    - views
  theme:
    - liberal_theme
id: views_block__international_region_repeated_1_block
theme: liberal_theme
region: international_repeated_1
weight: 0
provider: null
plugin: 'views_block:international_region_repeated_1-block'
settings:
  id: 'views_block:international_region_repeated_1-block'
  label: ''
  label_display: '0'
  provider: views
  views_label: ''
  items_per_page: none
visibility:
  request_path:
    id: request_path
    negate: false
    pages: '<front>'
