uuid: 24263e56-9852-4541-8d00-dd88d2e4c75c
langcode: en
status: true
dependencies:
  config:
    - views.view.business_home_region_a
  module:
    - views
  theme:
    - liberal_theme
id: views_block__business_home_region_a_block
theme: liberal_theme
region: business_home_1
weight: 0
provider: null
plugin: 'views_block:business_home_region_a-block'
settings:
  id: 'views_block:business_home_region_a-block'
  label: ''
  label_display: '0'
  provider: views
  views_label: ''
  items_per_page: none
visibility: {  }
